// !$*UTF8*$!
{
	archiveVersion = 1;
	classes = {
	};
	objectVersion = 48;
	objects = {

/* Begin PBXBuildFile section */
		FA8109962045D7BA0013C290 /* AppDelegate.m in Sources */ = {isa = PBXBuildFile; fileRef = FA8109952045D7BA0013C290 /* AppDelegate.m */; };
		FA8109992045D7BA0013C290 /* ViewController.m in Sources */ = {isa = PBXBuildFile; fileRef = FA8109982045D7BA0013C290 /* ViewController.m */; };
		FA81099C2045D7BA0013C290 /* Main.storyboard in Resources */ = {isa = PBXBuildFile; fileRef = FA81099A2045D7BA0013C290 /* Main.storyboard */; };
		FA81099E2045D7BA0013C290 /* Assets.xcassets in Resources */ = {isa = PBXBuildFile; fileRef = FA81099D2045D7BA0013C290 /* Assets.xcassets */; };
		FA8109A12045D7BA0013C290 /* LaunchScreen.storyboard in Resources */ = {isa = PBXBuildFile; fileRef = FA81099F2045D7BA0013C290 /* LaunchScreen.storyboard */; };
		FA8109A42045D7BA0013C290 /* main.m in Sources */ = {isa = PBXBuildFile; fileRef = FA8109A32045D7BA0013C290 /* main.m */; };
/* End PBXBuildFile section */

/* Begin PBXFileReference section */
		FA8109912045D7B90013C290 /* BitcointCourseTest.app */ = {isa = PBXFileReference; explicitFileType = wrapper.application; includeInIndex = 0; path = BitcointCourseTest.app; sourceTree = BUILT_PRODUCTS_DIR; };
		FA8109942045D7BA0013C290 /* AppDelegate.h */ = {isa = PBXFileReference; lastKnownFileType = sourcecode.c.h; path = AppDelegate.h; sourceTree = "<group>"; };
		FA8109952045D7BA0013C290 /* AppDelegate.m */ = {isa = PBXFileReference; lastKnownFileType = sourcecode.c.objc; path = AppDelegate.m; sourceTree = "<group>"; };
		FA8109972045D7BA0013C290 /* ViewController.h */ = {isa = PBXFileReference; lastKnownFileType = sourcecode.c.h; path = ViewController.h; sourceTree = "<group>"; };
		FA8109982045D7BA0013C290 /* ViewController.m */ = {isa = PBXFileReference; lastKnownFileType = sourcecode.c.objc; path = ViewController.m; sourceTree = "<group>"; };
		FA81099B2045D7BA0013C290 /* Base */ = {isa = PBXFileReference; lastKnownFileType = file.storyboard; name = Base; path = Base.lproj/Main.storyboard; sourceTree = "<group>"; };
		FA81099D2045D7BA0013C290 /* Assets.xcassets */ = {isa = PBXFileReference; lastKnownFileType = folder.assetcatalog; path = Assets.xcassets; sourceTree = "<group>"; };
		FA8109A02045D7BA0013C290 /* Base */ = {isa = PBXFileReference; lastKnownFileType = file.storyboard; name = Base; path = Base.lproj/LaunchScreen.storyboard; sourceTree = "<group>"; };
		FA8109A22045D7BA0013C290 /* Info.plist */ = {isa = PBXFileReference; lastKnownFileType = text.plist.xml; path = Info.plist; sourceTree = "<group>"; };
		FA8109A32045D7BA0013C290 /* main.m */ = {isa = PBXFileReference; lastKnownFileType = sourcecode.c.objc; path = main.m; sourceTree = "<group>"; };
/* End PBXFileReference section */

/* Begin PBXFrameworksBuildPhase section */
		FA81098E2045D7B90013C290 /* Frameworks */ = {
			isa = PBXFrameworksBuildPhase;
			buildActionMask = 2147483647;
			files = (
			);
			runOnlyForDeploymentPostprocessing = 0;
		};
/* End PBXFrameworksBuildPhase section */

/* Begin PBXGroup section */
		FA8109882045D7B90013C290 = {
			isa = PBXGroup;
			children = (
				FA8109932045D7B90013C290 /* BitcointCourseTest */,
				FA8109922045D7B90013C290 /* Products */,
			);
			sourceTree = "<group>";
		};
		FA8109922045D7B90013C290 /* Products */ = {
			isa = PBXGroup;
			children = (
				FA8109912045D7B90013C290 /* BitcointCourseTest.app */,
			);
			name = Products;
			sourceTree = "<group>";
		};
		FA8109932045D7B90013C290 /* BitcointCourseTest */ = {
			isa = PBXGroup;
			children = (
				FA8109AA2045D7EC0013C290 /* Models */,
				FA8109942045D7BA0013C290 /* AppDelegate.h */,
				FA8109952045D7BA0013C290 /* AppDelegate.m */,
				FA8109972045D7BA0013C290 /* ViewController.h */,
				FA8109982045D7BA0013C290 /* ViewController.m */,
				FA81099A2045D7BA0013C290 /* Main.storyboard */,
				FA81099D2045D7BA0013C290 /* Assets.xcassets */,
				FA81099F2045D7BA0013C290 /* LaunchScreen.storyboard */,
				FA8109A22045D7BA0013C290 /* Info.plist */,
				FA8109A32045D7BA0013C290 /* main.m */,
			);
			path = BitcointCourseTest;
			sourceTree = "<group>";
		};
		FA8109AA2045D7EC0013C290 /* Models */ = {
			isa = PBXGroup;
			children = (
			);
			path = Models;
			sourceTree = "<group>";
		};
/* End PBXGroup section */

/* Begin PBXNativeTarget section */
		FA8109902045D7B90013C290 /* BitcointCourseTest */ = {
			isa = PBXNativeTarget;
			buildConfigurationList = FA8109A72045D7BA0013C290 /* Build configuration list for PBXNativeTarget "BitcointCourseTest" */;
			buildPhases = (
				FA81098D2045D7B90013C290 /* Sources */,
				FA81098E2045D7B90013C290 /* Frameworks */,
				FA81098F2045D7B90013C290 /* Resources */,
			);
			buildRules = (
			);
			dependencies = (
			);
			name = BitcointCourseTest;
			productName = BitcointCourseTest;
			productReference = FA8109912045D7B90013C290 /* BitcointCourseTest.app */;
			productType = "com.apple.product-type.application";
		};
/* End PBXNativeTarget section */

/* Begin PBXProject section */
		FA8109892045D7B90013C290 /* Project object */ = {
			isa = PBXProject;
			attributes = {
				LastUpgradeCheck = 0920;
				ORGANIZATIONNAME = AsanAmetov;
				TargetAttributes = {
					FA8109902045D7B90013C290 = {
						CreatedOnToolsVersion = 9.2;
						ProvisioningStyle = Automatic;
					};
				};
			};
			buildConfigurationList = FA81098C2045D7B90013C290 /* Build configuration list for PBXProject "BitcointCourseTest" */;
			compatibilityVersion = "Xcode 8.0";
			developmentRegion = en;
			hasScannedForEncodings = 0;
			knownRegions = (
				en,
				Base,
			);
			mainGroup = FA8109882045D7B90013C290;
			productRefGroup = FA8109922045D7B90013C290 /* Products */;
			projectDirPath = "";
			projectRoot = "";
			targets = (
				FA8109902045D7B90013C290 /* BitcointCourseTest */,
			);
		};
/* End PBXProject section */

/* Begin PBXResourcesBuildPhase section */
		FA81098F2045D7B90013C290 /* Resources */ = {
			isa = PBXResourcesBuildPhase;
			buildActionMask = 2147483647;
			files = (
				FA8109A12045D7BA0013C290 /* LaunchScreen.storyboard in Resources */,
				FA81099E2045D7BA0013C290 /* Assets.xcassets in Resources */,
				FA81099C2045D7BA0013C290 /* Main.storyboard in Resources */,
			);
			runOnlyForDeploymentPostprocessing = 0;
		};
/* End PBXResourcesBuildPhase section */

/* Begin PBXSourcesBuildPhase section */
		FA81098D2045D7B90013C290 /* Sources */ = {
			isa = PBXSourcesBuildPhase;
			buildActionMask = 2147483647;
			files = (
				FA8109992045D7BA0013C290 /* ViewController.m in Sources */,
				FA8109A42045D7BA0013C290 /* main.m in Sources */,
				FA8109962045D7BA0013C290 /* AppDelegate.m in Sources */,
			);
			runOnlyForDeploymentPostprocessing = 0;
		};
/* End PBXSourcesBuildPhase section */

/* Begin PBXVariantGroup section */
		FA81099A2045D7BA0013C290 /* Main.storyboard */ = {
			isa = PBXVariantGroup;
			children = (
				FA81099B2045D7BA0013C290 /* Base */,
			);
			name = Main.storyboard;
			sourceTree = "<group>";
		};
		FA81099F2045D7BA0013C290 /* LaunchScreen.storyboard */ = {
			isa = PBXVariantGroup;
			children = (
				FA8109A02045D7BA0013C290 /* Base */,
			);
			name = LaunchScreen.storyboard;
			sourceTree = "<group>";
		};
/* End PBXVariantGroup section */

/* Begin XCBuildConfiguration section */
		FA8109A52045D7BA0013C290 /* Debug */ = {
			isa = XCBuildConfiguration;
			buildSettings = {
				ALWAYS_SEARCH_USER_PATHS = NO;
				CLANG_ANALYZER_NONNULL = YES;
				CLANG_ANALYZER_NUMBER_OBJECT_CONVERSION = YES_AGGRESSIVE;
				CLANG_CXX_LANGUAGE_STANDARD = "gnu++14";
				CLANG_CXX_LIBRARY = "libc++";
				CLANG_ENABLE_MODULES = YES;
				CLANG_ENABLE_OBJC_ARC = YES;
				CLANG_WARN_BLOCK_CAPTURE_AUTORELEASING = YES;
				CLANG_WARN_BOOL_CONVERSION = YES;
				CLANG_WARN_COMMA = YES;
				CLANG_WARN_CONSTANT_CONVERSION = YES;
				CLANG_WARN_DIRECT_OBJC_ISA_USAGE = YES_ERROR;
				CLANG_WARN_DOCUMENTATION_COMMENTS = YES;
				CLANG_WARN_EMPTY_BODY = YES;
				CLANG_WARN_ENUM_CONVERSION = YES;
				CLANG_WARN_INFINITE_RECURSION = YES;
				CLANG_WARN_INT_CONVERSION = YES;
				CLANG_WARN_NON_LITERAL_NULL_CONVERSION = YES;
				CLANG_WARN_OBJC_LITERAL_CONVERSION = YES;
				CLANG_WARN_OBJC_ROOT_CLASS = YES_ERROR;
				CLANG_WARN_RANGE_LOOP_ANALYSIS = YES;
				CLANG_WARN_STRICT_PROTOTYPES = YES;
				CLANG_WARN_SUSPICIOUS_MOVE = YES;
				CLANG_WARN_UNGUARDED_AVAILABILITY = YES_AGGRESSIVE;
				CLANG_WARN_UNREACHABLE_CODE = YES;
				CLANG_WARN__DUPLICATE_METHOD_MATCH = YES;
				CODE_SIGN_IDENTITY = "iPhone Developer";
				COPY_PHASE_STRIP = NO;
				DEBUG_INFORMATION_FORMAT = dwarf;
				ENABLE_STRICT_OBJC_MSGSEND = YES;
				ENABLE_TESTABILITY = YES;
				GCC_C_LANGUAGE_STANDARD = gnu11;
				GCC_DYNAMIC_NO_PIC = NO;
				GCC_NO_COMMON_BLOCKS = YES;
				GCC_OPTIMIZATION_LEVEL = 0;
				GCC_PREPROCESSOR_DEFINITIONS = (
					"DEBUG=1",
					"$(inherited)",
				);
				GCC_WARN_64_TO_32_BIT_CONVERSION = YES;
				GCC_WARN_ABOUT_RETURN_TYPE = YES_ERROR;
				GCC_WARN_UNDECLARED_SELECTOR = YES;
				GCC_WARN_UNINITIALIZED_AUTOS = YES_AGGRESSIVE;
				GCC_WARN_UNUSED_FUNCTION = YES;
				GCC_WARN_UNUSED_VARIABLE = YES;
				IPHONEOS_DEPLOYMENT_TARGET = 11.2;
				MTL_ENABLE_DEBUG_INFO = YES;
				ONLY_ACTIVE_ARCH = YES;
				SDKROOT = iphoneos;
			};
			name = Debug;
		};
		FA8109A62045D7BA0013C290 /* Release */ = {
			isa = XCBuildConfiguration;
			buildSettings = {
				ALWAYS_SEARCH_USER_PATHS = NO;
				CLANG_ANALYZER_NONNULL = YES;
				CLANG_ANALYZER_NUMBER_OBJECT_CONVERSION = YES_AGGRESSIVE;
				CLANG_CXX_LANGUAGE_STANDARD = "gnu++14";
				CLANG_CXX_LIBRARY = "libc++";
				CLANG_ENABLE_MODULES = YES;
				CLANG_ENABLE_OBJC_ARC = YES;
				CLANG_WARN_BLOCK_CAPTURE_AUTORELEASING = YES;
				CLANG_WARN_BOOL_CONVERSION = YES;
				CLANG_WARN_COMMA = YES;
				CLANG_WARN_CONSTANT_CONVERSION = YES;
				CLANG_WARN_DIRECT_OBJC_ISA_USAGE = YES_ERROR;
				CLANG_WARN_DOCUMENTATION_COMMENTS = YES;
				CLANG_WARN_EMPTY_BODY = YES;
				CLANG_WARN_ENUM_CONVERSION = YES;
				CLANG_WARN_INFINITE_RECURSION = YES;
				CLANG_WARN_INT_CONVERSION = YES;
				CLANG_WARN_NON_LITERAL_NULL_CONVERSION = YES;
				CLANG_WARN_OBJC_LITERAL_CONVERSION = YES;
				CLANG_WARN_OBJC_ROOT_CLASS = YES_ERROR;
				CLANG_WARN_RANGE_LOOP_ANALYSIS = YES;
				CLANG_WARN_STRICT_PROTOTYPES = YES;
				CLANG_WARN_SUSPICIOUS_MOVE = YES;
				CLANG_WARN_UNGUARDED_AVAILABILITY = YES_AGGRESSIVE;
				CLANG_WARN_UNREACHABLE_CODE = YES;
				CLANG_WARN__DUPLICATE_METHOD_MATCH = YES;
				CODE_SIGN_IDENTITY = "iPhone Developer";
				COPY_PHASE_STRIP = NO;
				DEBUG_INFORMATION_FORMAT = "dwarf-with-dsym";
				ENABLE_NS_ASSERTIONS = NO;
				ENABLE_STRICT_OBJC_MSGSEND = YES;
				GCC_C_LANGUAGE_STANDARD = gnu11;
				GCC_NO_COMMON_BLOCKS = YES;
				GCC_WARN_64_TO_32_BIT_CONVERSION = YES;
				GCC_WARN_ABOUT_RETURN_TYPE = YES_ERROR;
				GCC_WARN_UNDECLARED_SELECTOR = YES;
				GCC_WARN_UNINITIALIZED_AUTOS = YES_AGGRESSIVE;
				GCC_WARN_UNUSED_FUNCTION = YES;
				GCC_WARN_UNUSED_VARIABLE = YES;
				IPHONEOS_DEPLOYMENT_TARGET = 11.2;
				MTL_ENABLE_DEBUG_INFO = NO;
				SDKROOT = iphoneos;
				VALIDATE_PRODUCT = YES;
			};
			name = Release;
		};
		FA8109A82045D7BA0013C290 /* Debug */ = {
			isa = XCBuildConfiguration;
			buildSettings = {
				ASSETCATALOG_COMPILER_APPICON_NAME = AppIcon;
				CODE_SIGN_STYLE = Automatic;
				DEVELOPMENT_TEAM = MG69ZAJ875;
				INFOPLIST_FILE = BitcointCourseTest/Info.plist;
				LD_RUNPATH_SEARCH_PATHS = "$(inherited) @executable_path/Frameworks";
				PRODUCT_BUNDLE_IDENTIFIER = testapplication.BitcointCourseTest;
				PRODUCT_NAME = "$(TARGET_NAME)";
				TARGETED_DEVICE_FAMILY = "1,2";
			};
			name = Debug;
		};
		FA8109A92045D7BA0013C290 /* Release */ = {
			isa = XCBuildConfiguration;
			buildSettings = {
				ASSETCATALOG_COMPILER_APPICON_NAME = AppIcon;
				CODE_SIGN_STYLE = Automatic;
				DEVELOPMENT_TEAM = MG69ZAJ875;
				INFOPLIST_FILE = BitcointCourseTest/Info.plist;
				LD_RUNPATH_SEARCH_PATHS = "$(inherited) @executable_path/Frameworks";
				PRODUCT_BUNDLE_IDENTIFIER = testapplication.BitcointCourseTest;
				PRODUCT_NAME = "$(TARGET_NAME)";
				TARGETED_DEVICE_FAMILY = "1,2";
			};
			name = Release;
		};
/* End XCBuildConfiguration section */

/* Begin XCConfigurationList section */
		FA81098C2045D7B90013C290 /* Build configuration list for PBXProject "BitcointCourseTest" */ = {
			isa = XCConfigurationList;
			buildConfigurations = (
				FA8109A52045D7BA0013C290 /* Debug */,
				FA8109A62045D7BA0013C290 /* Release */,
			);
			defaultConfigurationIsVisible = 0;
			defaultConfigurationName = Release;
		};
		FA8109A72045D7BA0013C290 /* Build configuration list for PBXNativeTarget "BitcointCourseTest" */ = {
			isa = XCConfigurationList;
			buildConfigurations = (
				FA8109A82045D7BA0013C290 /* Debug */,
				FA8109A92045D7BA0013C290 /* Release */,
			);
			defaultConfigurationIsVisible = 0;
			defaultConfigurationName = Release;
		};
/* End XCConfigurationList section */
	};
	rootObject = FA8109892045D7B90013C290 /* Project object */;
}
