// !$*UTF8*$!
{
	archiveVersion = 1;
	classes = {
	};
	objectVersion = 48;
	objects = {

/* Begin PBXBuildFile section */
		AF74BA71061F92C355E27EA3 /* libPods-BitcointCourseTest.a in Frameworks */ = {isa = PBXBuildFile; fileRef = 27E4617E5FB5BA4ACE1BAD4C /* libPods-BitcointCourseTest.a */; };
		E9682DA52046964200381F68 /* ExchangeListViewController.m in Sources */ = {isa = PBXBuildFile; fileRef = E9682DA32046964200381F68 /* ExchangeListViewController.m */; };
		E9682DA62046964200381F68 /* ExchangeListViewController.xib in Resources */ = {isa = PBXBuildFile; fileRef = E9682DA42046964200381F68 /* ExchangeListViewController.xib */; };
		E9682DA92046965D00381F68 /* ExchangeListViewModel.m in Sources */ = {isa = PBXBuildFile; fileRef = E9682DA82046965D00381F68 /* ExchangeListViewModel.m */; };
		E9682DAD20469C7200381F68 /* BaseViewController.m in Sources */ = {isa = PBXBuildFile; fileRef = E9682DAC20469C7200381F68 /* BaseViewController.m */; };
		E9682DAE20469E1F00381F68 /* libAFNetworking.a in Frameworks */ = {isa = PBXBuildFile; fileRef = E9682DB220469E1F00381F68 /* libAFNetworking.a */; };
		E9682DAF20469E1F00381F68 /* libMBProgressHUD.a in Frameworks */ = {isa = PBXBuildFile; fileRef = E9682DB320469E1F00381F68 /* libMBProgressHUD.a */; };
		E9682DB020469E1F00381F68 /* libOCMapper.a in Frameworks */ = {isa = PBXBuildFile; fileRef = E9682DB420469E1F00381F68 /* libOCMapper.a */; };
		E9682DB120469E1F00381F68 /* libReactiveObjC.a in Frameworks */ = {isa = PBXBuildFile; fileRef = E9682DB520469E1F00381F68 /* libReactiveObjC.a */; };
		E9682DBA20469F9E00381F68 /* ExchangeRateCell.m in Sources */ = {isa = PBXBuildFile; fileRef = E9682DB820469F9E00381F68 /* ExchangeRateCell.m */; };
		E9682DBB20469F9E00381F68 /* ExchangeRateCell.xib in Resources */ = {isa = PBXBuildFile; fileRef = E9682DB920469F9E00381F68 /* ExchangeRateCell.xib */; };
		E9682DD32046C95600381F68 /* ErrorLoadView.m in Sources */ = {isa = PBXBuildFile; fileRef = E9682DD22046C95600381F68 /* ErrorLoadView.m */; };
		E9682DD52046C97700381F68 /* ErrorLoadView.xib in Resources */ = {isa = PBXBuildFile; fileRef = E9682DD42046C97700381F68 /* ErrorLoadView.xib */; };
		E9682DDB2046CB4500381F68 /* UIView+LoadNib.m in Sources */ = {isa = PBXBuildFile; fileRef = E9682DDA2046CB4500381F68 /* UIView+LoadNib.m */; };
		E9682DE12046D19E00381F68 /* ExchangeCalculatorViewModel.m in Sources */ = {isa = PBXBuildFile; fileRef = E9682DE02046D19E00381F68 /* ExchangeCalculatorViewModel.m */; };
		E9682DE52046D1C000381F68 /* ExchangeCalculatorViewController.m in Sources */ = {isa = PBXBuildFile; fileRef = E9682DE32046D1C000381F68 /* ExchangeCalculatorViewController.m */; };
		E9682DE62046D1C000381F68 /* ExchangeCalculatorViewController.xib in Resources */ = {isa = PBXBuildFile; fileRef = E9682DE42046D1C000381F68 /* ExchangeCalculatorViewController.xib */; };
		FA8109962045D7BA0013C290 /* AppDelegate.m in Sources */ = {isa = PBXBuildFile; fileRef = FA8109952045D7BA0013C290 /* AppDelegate.m */; };
		FA8109992045D7BA0013C290 /* ViewController.m in Sources */ = {isa = PBXBuildFile; fileRef = FA8109982045D7BA0013C290 /* ViewController.m */; };
		FA81099C2045D7BA0013C290 /* Main.storyboard in Resources */ = {isa = PBXBuildFile; fileRef = FA81099A2045D7BA0013C290 /* Main.storyboard */; };
		FA81099E2045D7BA0013C290 /* Assets.xcassets in Resources */ = {isa = PBXBuildFile; fileRef = FA81099D2045D7BA0013C290 /* Assets.xcassets */; };
		FA8109A12045D7BA0013C290 /* LaunchScreen.storyboard in Resources */ = {isa = PBXBuildFile; fileRef = FA81099F2045D7BA0013C290 /* LaunchScreen.storyboard */; };
		FA8109A42045D7BA0013C290 /* main.m in Sources */ = {isa = PBXBuildFile; fileRef = FA8109A32045D7BA0013C290 /* main.m */; };
		FA8109B02045DB780013C290 /* APIPath.m in Sources */ = {isa = PBXBuildFile; fileRef = FA8109AF2045DB780013C290 /* APIPath.m */; };
		FA8109B32045DC010013C290 /* Network.m in Sources */ = {isa = PBXBuildFile; fileRef = FA8109B22045DC010013C290 /* Network.m */; };
		FA8109B72045DDAB0013C290 /* Error.m in Sources */ = {isa = PBXBuildFile; fileRef = FA8109B62045DDAB0013C290 /* Error.m */; };
		FA8109BD2045E06B0013C290 /* Mapper.m in Sources */ = {isa = PBXBuildFile; fileRef = FA8109BC2045E06B0013C290 /* Mapper.m */; };
		FA8109D52045E96A0013C290 /* ExchangeRate.m in Sources */ = {isa = PBXBuildFile; fileRef = FA8109D42045E96A0013C290 /* ExchangeRate.m */; };
/* End PBXBuildFile section */

/* Begin PBXFileReference section */
		27E4617E5FB5BA4ACE1BAD4C /* libPods-BitcointCourseTest.a */ = {isa = PBXFileReference; explicitFileType = archive.ar; includeInIndex = 0; path = "libPods-BitcointCourseTest.a"; sourceTree = BUILT_PRODUCTS_DIR; };
		502F477811171EE6DED870D0 /* Pods-BitcointCourseTest.release.xcconfig */ = {isa = PBXFileReference; includeInIndex = 1; lastKnownFileType = text.xcconfig; name = "Pods-BitcointCourseTest.release.xcconfig"; path = "Pods/Target Support Files/Pods-BitcointCourseTest/Pods-BitcointCourseTest.release.xcconfig"; sourceTree = "<group>"; };
		B1E13934B80C80FAD1E5927E /* Pods-BitcointCourseTest.debug.xcconfig */ = {isa = PBXFileReference; includeInIndex = 1; lastKnownFileType = text.xcconfig; name = "Pods-BitcointCourseTest.debug.xcconfig"; path = "Pods/Target Support Files/Pods-BitcointCourseTest/Pods-BitcointCourseTest.debug.xcconfig"; sourceTree = "<group>"; };
		E9682DA22046964200381F68 /* ExchangeListViewController.h */ = {isa = PBXFileReference; lastKnownFileType = sourcecode.c.h; path = ExchangeListViewController.h; sourceTree = "<group>"; };
		E9682DA32046964200381F68 /* ExchangeListViewController.m */ = {isa = PBXFileReference; lastKnownFileType = sourcecode.c.objc; path = ExchangeListViewController.m; sourceTree = "<group>"; };
		E9682DA42046964200381F68 /* ExchangeListViewController.xib */ = {isa = PBXFileReference; lastKnownFileType = file.xib; path = ExchangeListViewController.xib; sourceTree = "<group>"; };
		E9682DA72046965D00381F68 /* ExchangeListViewModel.h */ = {isa = PBXFileReference; lastKnownFileType = sourcecode.c.h; path = ExchangeListViewModel.h; sourceTree = "<group>"; };
		E9682DA82046965D00381F68 /* ExchangeListViewModel.m */ = {isa = PBXFileReference; lastKnownFileType = sourcecode.c.objc; path = ExchangeListViewModel.m; sourceTree = "<group>"; };
		E9682DAB20469C7200381F68 /* BaseViewController.h */ = {isa = PBXFileReference; lastKnownFileType = sourcecode.c.h; path = BaseViewController.h; sourceTree = "<group>"; };
		E9682DAC20469C7200381F68 /* BaseViewController.m */ = {isa = PBXFileReference; lastKnownFileType = sourcecode.c.objc; path = BaseViewController.m; sourceTree = "<group>"; };
		E9682DB220469E1F00381F68 /* libAFNetworking.a */ = {isa = PBXFileReference; explicitFileType = archive.ar; path = libAFNetworking.a; sourceTree = BUILT_PRODUCTS_DIR; };
		E9682DB320469E1F00381F68 /* libMBProgressHUD.a */ = {isa = PBXFileReference; explicitFileType = archive.ar; path = libMBProgressHUD.a; sourceTree = BUILT_PRODUCTS_DIR; };
		E9682DB420469E1F00381F68 /* libOCMapper.a */ = {isa = PBXFileReference; explicitFileType = archive.ar; path = libOCMapper.a; sourceTree = BUILT_PRODUCTS_DIR; };
		E9682DB520469E1F00381F68 /* libReactiveObjC.a */ = {isa = PBXFileReference; explicitFileType = archive.ar; path = libReactiveObjC.a; sourceTree = BUILT_PRODUCTS_DIR; };
		E9682DB720469F9E00381F68 /* ExchangeRateCell.h */ = {isa = PBXFileReference; lastKnownFileType = sourcecode.c.h; path = ExchangeRateCell.h; sourceTree = "<group>"; };
		E9682DB820469F9E00381F68 /* ExchangeRateCell.m */ = {isa = PBXFileReference; lastKnownFileType = sourcecode.c.objc; path = ExchangeRateCell.m; sourceTree = "<group>"; };
		E9682DB920469F9E00381F68 /* ExchangeRateCell.xib */ = {isa = PBXFileReference; lastKnownFileType = file.xib; path = ExchangeRateCell.xib; sourceTree = "<group>"; };
		E9682DD12046C95600381F68 /* ErrorLoadView.h */ = {isa = PBXFileReference; lastKnownFileType = sourcecode.c.h; path = ErrorLoadView.h; sourceTree = "<group>"; };
		E9682DD22046C95600381F68 /* ErrorLoadView.m */ = {isa = PBXFileReference; lastKnownFileType = sourcecode.c.objc; path = ErrorLoadView.m; sourceTree = "<group>"; };
		E9682DD42046C97700381F68 /* ErrorLoadView.xib */ = {isa = PBXFileReference; lastKnownFileType = file.xib; path = ErrorLoadView.xib; sourceTree = "<group>"; };
		E9682DD92046CB4500381F68 /* UIView+LoadNib.h */ = {isa = PBXFileReference; lastKnownFileType = sourcecode.c.h; path = "UIView+LoadNib.h"; sourceTree = "<group>"; };
		E9682DDA2046CB4500381F68 /* UIView+LoadNib.m */ = {isa = PBXFileReference; lastKnownFileType = sourcecode.c.objc; path = "UIView+LoadNib.m"; sourceTree = "<group>"; };
		E9682DDF2046D19E00381F68 /* ExchangeCalculatorViewModel.h */ = {isa = PBXFileReference; lastKnownFileType = sourcecode.c.h; path = ExchangeCalculatorViewModel.h; sourceTree = "<group>"; };
		E9682DE02046D19E00381F68 /* ExchangeCalculatorViewModel.m */ = {isa = PBXFileReference; lastKnownFileType = sourcecode.c.objc; path = ExchangeCalculatorViewModel.m; sourceTree = "<group>"; };
		E9682DE22046D1C000381F68 /* ExchangeCalculatorViewController.h */ = {isa = PBXFileReference; lastKnownFileType = sourcecode.c.h; path = ExchangeCalculatorViewController.h; sourceTree = "<group>"; };
		E9682DE32046D1C000381F68 /* ExchangeCalculatorViewController.m */ = {isa = PBXFileReference; lastKnownFileType = sourcecode.c.objc; path = ExchangeCalculatorViewController.m; sourceTree = "<group>"; };
		E9682DE42046D1C000381F68 /* ExchangeCalculatorViewController.xib */ = {isa = PBXFileReference; lastKnownFileType = file.xib; path = ExchangeCalculatorViewController.xib; sourceTree = "<group>"; };
		FA8109912045D7B90013C290 /* BitcointCourseTest.app */ = {isa = PBXFileReference; explicitFileType = wrapper.application; includeInIndex = 0; path = BitcointCourseTest.app; sourceTree = BUILT_PRODUCTS_DIR; };
		FA8109942045D7BA0013C290 /* AppDelegate.h */ = {isa = PBXFileReference; lastKnownFileType = sourcecode.c.h; path = AppDelegate.h; sourceTree = "<group>"; };
		FA8109952045D7BA0013C290 /* AppDelegate.m */ = {isa = PBXFileReference; lastKnownFileType = sourcecode.c.objc; path = AppDelegate.m; sourceTree = "<group>"; };
		FA8109972045D7BA0013C290 /* ViewController.h */ = {isa = PBXFileReference; lastKnownFileType = sourcecode.c.h; path = ViewController.h; sourceTree = "<group>"; };
		FA8109982045D7BA0013C290 /* ViewController.m */ = {isa = PBXFileReference; lastKnownFileType = sourcecode.c.objc; path = ViewController.m; sourceTree = "<group>"; };
		FA81099B2045D7BA0013C290 /* Base */ = {isa = PBXFileReference; lastKnownFileType = file.storyboard; name = Base; path = Base.lproj/Main.storyboard; sourceTree = "<group>"; };
		FA81099D2045D7BA0013C290 /* Assets.xcassets */ = {isa = PBXFileReference; lastKnownFileType = folder.assetcatalog; path = Assets.xcassets; sourceTree = "<group>"; };
		FA8109A02045D7BA0013C290 /* Base */ = {isa = PBXFileReference; lastKnownFileType = file.storyboard; name = Base; path = Base.lproj/LaunchScreen.storyboard; sourceTree = "<group>"; };
		FA8109A22045D7BA0013C290 /* Info.plist */ = {isa = PBXFileReference; lastKnownFileType = text.plist.xml; path = Info.plist; sourceTree = "<group>"; };
		FA8109A32045D7BA0013C290 /* main.m */ = {isa = PBXFileReference; lastKnownFileType = sourcecode.c.objc; path = main.m; sourceTree = "<group>"; };
		FA8109AE2045DB780013C290 /* APIPath.h */ = {isa = PBXFileReference; lastKnownFileType = sourcecode.c.h; path = APIPath.h; sourceTree = "<group>"; };
		FA8109AF2045DB780013C290 /* APIPath.m */ = {isa = PBXFileReference; lastKnownFileType = sourcecode.c.objc; path = APIPath.m; sourceTree = "<group>"; };
		FA8109B12045DC010013C290 /* Network.h */ = {isa = PBXFileReference; lastKnownFileType = sourcecode.c.h; path = Network.h; sourceTree = "<group>"; };
		FA8109B22045DC010013C290 /* Network.m */ = {isa = PBXFileReference; lastKnownFileType = sourcecode.c.objc; path = Network.m; sourceTree = "<group>"; };
		FA8109B52045DDAB0013C290 /* Error.h */ = {isa = PBXFileReference; lastKnownFileType = sourcecode.c.h; path = Error.h; sourceTree = "<group>"; };
		FA8109B62045DDAB0013C290 /* Error.m */ = {isa = PBXFileReference; lastKnownFileType = sourcecode.c.objc; path = Error.m; sourceTree = "<group>"; };
		FA8109B92045DFC40013C290 /* PrefixHeader.h */ = {isa = PBXFileReference; lastKnownFileType = sourcecode.c.h; path = PrefixHeader.h; sourceTree = "<group>"; };
		FA8109BA2045E0380013C290 /* Macroses.h */ = {isa = PBXFileReference; lastKnownFileType = sourcecode.c.h; path = Macroses.h; sourceTree = "<group>"; };
		FA8109BB2045E06B0013C290 /* Mapper.h */ = {isa = PBXFileReference; lastKnownFileType = sourcecode.c.h; path = Mapper.h; sourceTree = "<group>"; };
		FA8109BC2045E06B0013C290 /* Mapper.m */ = {isa = PBXFileReference; lastKnownFileType = sourcecode.c.objc; path = Mapper.m; sourceTree = "<group>"; };
		FA8109C72045E56D0013C290 /* AFNetworking.framework */ = {isa = PBXFileReference; explicitFileType = wrapper.framework; path = AFNetworking.framework; sourceTree = BUILT_PRODUCTS_DIR; };
		FA8109C82045E56D0013C290 /* MBProgressHUD.framework */ = {isa = PBXFileReference; explicitFileType = wrapper.framework; path = MBProgressHUD.framework; sourceTree = BUILT_PRODUCTS_DIR; };
		FA8109C92045E56D0013C290 /* OCMapper.framework */ = {isa = PBXFileReference; explicitFileType = wrapper.framework; path = OCMapper.framework; sourceTree = BUILT_PRODUCTS_DIR; };
		FA8109CA2045E56D0013C290 /* ReactiveCocoa.framework */ = {isa = PBXFileReference; explicitFileType = wrapper.framework; path = ReactiveCocoa.framework; sourceTree = BUILT_PRODUCTS_DIR; };
		FA8109CB2045E56D0013C290 /* ReactiveSwift.framework */ = {isa = PBXFileReference; explicitFileType = wrapper.framework; path = ReactiveSwift.framework; sourceTree = BUILT_PRODUCTS_DIR; };
		FA8109CC2045E56D0013C290 /* Result.framework */ = {isa = PBXFileReference; explicitFileType = wrapper.framework; path = Result.framework; sourceTree = BUILT_PRODUCTS_DIR; };
		FA8109CD2045E5DC0013C290 /* BitcointCourseTest-Bridging-Header.h */ = {isa = PBXFileReference; lastKnownFileType = sourcecode.c.h; path = "BitcointCourseTest-Bridging-Header.h"; sourceTree = "<group>"; };
		FA8109D32045E96A0013C290 /* ExchangeRate.h */ = {isa = PBXFileReference; lastKnownFileType = sourcecode.c.h; path = ExchangeRate.h; sourceTree = "<group>"; };
		FA8109D42045E96A0013C290 /* ExchangeRate.m */ = {isa = PBXFileReference; lastKnownFileType = sourcecode.c.objc; path = ExchangeRate.m; sourceTree = "<group>"; };
/* End PBXFileReference section */

/* Begin PBXFrameworksBuildPhase section */
		FA81098E2045D7B90013C290 /* Frameworks */ = {
			isa = PBXFrameworksBuildPhase;
			buildActionMask = 2147483647;
			files = (
				E9682DAE20469E1F00381F68 /* libAFNetworking.a in Frameworks */,
				E9682DAF20469E1F00381F68 /* libMBProgressHUD.a in Frameworks */,
				E9682DB020469E1F00381F68 /* libOCMapper.a in Frameworks */,
				E9682DB120469E1F00381F68 /* libReactiveObjC.a in Frameworks */,
				AF74BA71061F92C355E27EA3 /* libPods-BitcointCourseTest.a in Frameworks */,
			);
			runOnlyForDeploymentPostprocessing = 0;
		};
/* End PBXFrameworksBuildPhase section */

/* Begin PBXGroup section */
		0C3C62F6968C58D5A7A45897 /* Frameworks */ = {
			isa = PBXGroup;
			children = (
				E9682DB220469E1F00381F68 /* libAFNetworking.a */,
				E9682DB320469E1F00381F68 /* libMBProgressHUD.a */,
				E9682DB420469E1F00381F68 /* libOCMapper.a */,
				E9682DB520469E1F00381F68 /* libReactiveObjC.a */,
				FA8109C72045E56D0013C290 /* AFNetworking.framework */,
				FA8109C82045E56D0013C290 /* MBProgressHUD.framework */,
				FA8109C92045E56D0013C290 /* OCMapper.framework */,
				FA8109CA2045E56D0013C290 /* ReactiveCocoa.framework */,
				FA8109CB2045E56D0013C290 /* ReactiveSwift.framework */,
				FA8109CC2045E56D0013C290 /* Result.framework */,
				27E4617E5FB5BA4ACE1BAD4C /* libPods-BitcointCourseTest.a */,
			);
			name = Frameworks;
			sourceTree = "<group>";
		};
		31A797757D15B8B6CB2A57BB /* Pods */ = {
			isa = PBXGroup;
			children = (
				B1E13934B80C80FAD1E5927E /* Pods-BitcointCourseTest.debug.xcconfig */,
				502F477811171EE6DED870D0 /* Pods-BitcointCourseTest.release.xcconfig */,
			);
			name = Pods;
			sourceTree = "<group>";
		};
		E9682D9D204695F500381F68 /* Classes */ = {
			isa = PBXGroup;
			children = (
				E9682DBE2046AA7600381F68 /* CustomView */,
				E9682D9E2046960200381F68 /* ViewControllers */,
			);
			path = Classes;
			sourceTree = "<group>";
		};
		E9682D9E2046960200381F68 /* ViewControllers */ = {
			isa = PBXGroup;
			children = (
				E9682DDC2046D16500381F68 /* ExchangeCalculatorViewController */,
				E9682DAA20469C6300381F68 /* BaseViewController */,
				E9682D9F2046960C00381F68 /* ExchangeListViewController */,
			);
			path = ViewControllers;
			sourceTree = "<group>";
		};
		E9682D9F2046960C00381F68 /* ExchangeListViewController */ = {
			isa = PBXGroup;
			children = (
				E9682DA12046962000381F68 /* Controller */,
				E9682DA02046961A00381F68 /* ViewModel */,
			);
			path = ExchangeListViewController;
			sourceTree = "<group>";
		};
		E9682DA02046961A00381F68 /* ViewModel */ = {
			isa = PBXGroup;
			children = (
				E9682DA72046965D00381F68 /* ExchangeListViewModel.h */,
				E9682DA82046965D00381F68 /* ExchangeListViewModel.m */,
			);
			path = ViewModel;
			sourceTree = "<group>";
		};
		E9682DA12046962000381F68 /* Controller */ = {
			isa = PBXGroup;
			children = (
				E9682DB620469F8200381F68 /* Cell */,
				E9682DA22046964200381F68 /* ExchangeListViewController.h */,
				E9682DA32046964200381F68 /* ExchangeListViewController.m */,
				E9682DA42046964200381F68 /* ExchangeListViewController.xib */,
			);
			path = Controller;
			sourceTree = "<group>";
		};
		E9682DAA20469C6300381F68 /* BaseViewController */ = {
			isa = PBXGroup;
			children = (
				E9682DAB20469C7200381F68 /* BaseViewController.h */,
				E9682DAC20469C7200381F68 /* BaseViewController.m */,
			);
			path = BaseViewController;
			sourceTree = "<group>";
		};
		E9682DB620469F8200381F68 /* Cell */ = {
			isa = PBXGroup;
			children = (
				E9682DB720469F9E00381F68 /* ExchangeRateCell.h */,
				E9682DB820469F9E00381F68 /* ExchangeRateCell.m */,
				E9682DB920469F9E00381F68 /* ExchangeRateCell.xib */,
			);
			path = Cell;
			sourceTree = "<group>";
		};
		E9682DBE2046AA7600381F68 /* CustomView */ = {
			isa = PBXGroup;
			children = (
				E9682DD12046C95600381F68 /* ErrorLoadView.h */,
				E9682DD22046C95600381F68 /* ErrorLoadView.m */,
				E9682DD42046C97700381F68 /* ErrorLoadView.xib */,
			);
			path = CustomView;
			sourceTree = "<group>";
		};
		E9682DD62046CB0700381F68 /* Extensions */ = {
			isa = PBXGroup;
			children = (
				E9682DD72046CB1300381F68 /* UI */,
			);
			path = Extensions;
			sourceTree = "<group>";
		};
		E9682DD72046CB1300381F68 /* UI */ = {
			isa = PBXGroup;
			children = (
				E9682DD92046CB4500381F68 /* UIView+LoadNib.h */,
				E9682DDA2046CB4500381F68 /* UIView+LoadNib.m */,
			);
			path = UI;
			sourceTree = "<group>";
		};
		E9682DDC2046D16500381F68 /* ExchangeCalculatorViewController */ = {
			isa = PBXGroup;
			children = (
				E9682DDE2046D17E00381F68 /* Controller */,
				E9682DDD2046D17700381F68 /* ViewModel */,
			);
			path = ExchangeCalculatorViewController;
			sourceTree = "<group>";
		};
		E9682DDD2046D17700381F68 /* ViewModel */ = {
			isa = PBXGroup;
			children = (
				E9682DDF2046D19E00381F68 /* ExchangeCalculatorViewModel.h */,
				E9682DE02046D19E00381F68 /* ExchangeCalculatorViewModel.m */,
			);
			path = ViewModel;
			sourceTree = "<group>";
		};
		E9682DDE2046D17E00381F68 /* Controller */ = {
			isa = PBXGroup;
			children = (
				E9682DE22046D1C000381F68 /* ExchangeCalculatorViewController.h */,
				E9682DE32046D1C000381F68 /* ExchangeCalculatorViewController.m */,
				E9682DE42046D1C000381F68 /* ExchangeCalculatorViewController.xib */,
			);
			path = Controller;
			sourceTree = "<group>";
		};
		FA8109882045D7B90013C290 = {
			isa = PBXGroup;
			children = (
				FA8109932045D7B90013C290 /* BitcointCourseTest */,
				FA8109922045D7B90013C290 /* Products */,
				31A797757D15B8B6CB2A57BB /* Pods */,
				0C3C62F6968C58D5A7A45897 /* Frameworks */,
			);
			sourceTree = "<group>";
		};
		FA8109922045D7B90013C290 /* Products */ = {
			isa = PBXGroup;
			children = (
				FA8109912045D7B90013C290 /* BitcointCourseTest.app */,
			);
			name = Products;
			sourceTree = "<group>";
		};
		FA8109932045D7B90013C290 /* BitcointCourseTest */ = {
			isa = PBXGroup;
			children = (
				E9682DD62046CB0700381F68 /* Extensions */,
				E9682D9D204695F500381F68 /* Classes */,
				FA8109AB2045DB3C0013C290 /* Controllers */,
				FA8109AA2045D7EC0013C290 /* Models */,
				FA8109942045D7BA0013C290 /* AppDelegate.h */,
				FA8109952045D7BA0013C290 /* AppDelegate.m */,
				FA8109972045D7BA0013C290 /* ViewController.h */,
				FA8109982045D7BA0013C290 /* ViewController.m */,
				FA81099A2045D7BA0013C290 /* Main.storyboard */,
				FA81099D2045D7BA0013C290 /* Assets.xcassets */,
				FA81099F2045D7BA0013C290 /* LaunchScreen.storyboard */,
				FA8109A22045D7BA0013C290 /* Info.plist */,
				FA8109A32045D7BA0013C290 /* main.m */,
				FA8109B82045DF990013C290 /* SupportingFiles */,
				FA8109CD2045E5DC0013C290 /* BitcointCourseTest-Bridging-Header.h */,
			);
			path = BitcointCourseTest;
			sourceTree = "<group>";
		};
		FA8109AA2045D7EC0013C290 /* Models */ = {
			isa = PBXGroup;
			children = (
				FA8109D02045E8DC0013C290 /* Course */,
				FA8109B42045DD9F0013C290 /* Error */,
			);
			path = Models;
			sourceTree = "<group>";
		};
		FA8109AB2045DB3C0013C290 /* Controllers */ = {
			isa = PBXGroup;
			children = (
				FA8109AC2045DB570013C290 /* Network */,
				FA8109BA2045E0380013C290 /* Macroses.h */,
				FA8109BB2045E06B0013C290 /* Mapper.h */,
				FA8109BC2045E06B0013C290 /* Mapper.m */,
			);
			path = Controllers;
			sourceTree = "<group>";
		};
		FA8109AC2045DB570013C290 /* Network */ = {
			isa = PBXGroup;
			children = (
				FA8109AD2045DB660013C290 /* API */,
				FA8109B12045DC010013C290 /* Network.h */,
				FA8109B22045DC010013C290 /* Network.m */,
			);
			path = Network;
			sourceTree = "<group>";
		};
		FA8109AD2045DB660013C290 /* API */ = {
			isa = PBXGroup;
			children = (
				FA8109AE2045DB780013C290 /* APIPath.h */,
				FA8109AF2045DB780013C290 /* APIPath.m */,
			);
			path = API;
			sourceTree = "<group>";
		};
		FA8109B42045DD9F0013C290 /* Error */ = {
			isa = PBXGroup;
			children = (
				FA8109B52045DDAB0013C290 /* Error.h */,
				FA8109B62045DDAB0013C290 /* Error.m */,
			);
			path = Error;
			sourceTree = "<group>";
		};
		FA8109B82045DF990013C290 /* SupportingFiles */ = {
			isa = PBXGroup;
			children = (
				FA8109B92045DFC40013C290 /* PrefixHeader.h */,
			);
			path = SupportingFiles;
			sourceTree = "<group>";
		};
		FA8109D02045E8DC0013C290 /* Course */ = {
			isa = PBXGroup;
			children = (
				FA8109D32045E96A0013C290 /* ExchangeRate.h */,
				FA8109D42045E96A0013C290 /* ExchangeRate.m */,
			);
			path = Course;
			sourceTree = "<group>";
		};
/* End PBXGroup section */

/* Begin PBXNativeTarget section */
		FA8109902045D7B90013C290 /* BitcointCourseTest */ = {
			isa = PBXNativeTarget;
			buildConfigurationList = FA8109A72045D7BA0013C290 /* Build configuration list for PBXNativeTarget "BitcointCourseTest" */;
			buildPhases = (
				33CF64BF85613BD770CA9D32 /* [CP] Check Pods Manifest.lock */,
				FA81098D2045D7B90013C290 /* Sources */,
				FA81098E2045D7B90013C290 /* Frameworks */,
				FA81098F2045D7B90013C290 /* Resources */,
				E9C660EB895FC9AEE8FB6E80 /* [CP] Embed Pods Frameworks */,
				AC76CAD6BCF5ACC388D9EDBB /* [CP] Copy Pods Resources */,
			);
			buildRules = (
			);
			dependencies = (
			);
			name = BitcointCourseTest;
			productName = BitcointCourseTest;
			productReference = FA8109912045D7B90013C290 /* BitcointCourseTest.app */;
			productType = "com.apple.product-type.application";
		};
/* End PBXNativeTarget section */

/* Begin PBXProject section */
		FA8109892045D7B90013C290 /* Project object */ = {
			isa = PBXProject;
			attributes = {
				LastUpgradeCheck = 0920;
				ORGANIZATIONNAME = AsanAmetov;
				TargetAttributes = {
					FA8109902045D7B90013C290 = {
						CreatedOnToolsVersion = 9.2;
						LastSwiftMigration = 0920;
						ProvisioningStyle = Automatic;
					};
				};
			};
			buildConfigurationList = FA81098C2045D7B90013C290 /* Build configuration list for PBXProject "BitcointCourseTest" */;
			compatibilityVersion = "Xcode 8.0";
			developmentRegion = en;
			hasScannedForEncodings = 0;
			knownRegions = (
				en,
				Base,
			);
			mainGroup = FA8109882045D7B90013C290;
			productRefGroup = FA8109922045D7B90013C290 /* Products */;
			projectDirPath = "";
			projectRoot = "";
			targets = (
				FA8109902045D7B90013C290 /* BitcointCourseTest */,
			);
		};
/* End PBXProject section */

/* Begin PBXResourcesBuildPhase section */
		FA81098F2045D7B90013C290 /* Resources */ = {
			isa = PBXResourcesBuildPhase;
			buildActionMask = 2147483647;
			files = (
				E9682DE62046D1C000381F68 /* ExchangeCalculatorViewController.xib in Resources */,
				FA8109A12045D7BA0013C290 /* LaunchScreen.storyboard in Resources */,
				E9682DBB20469F9E00381F68 /* ExchangeRateCell.xib in Resources */,
				E9682DD52046C97700381F68 /* ErrorLoadView.xib in Resources */,
				E9682DA62046964200381F68 /* ExchangeListViewController.xib in Resources */,
				FA81099E2045D7BA0013C290 /* Assets.xcassets in Resources */,
				FA81099C2045D7BA0013C290 /* Main.storyboard in Resources */,
			);
			runOnlyForDeploymentPostprocessing = 0;
		};
/* End PBXResourcesBuildPhase section */

/* Begin PBXShellScriptBuildPhase section */
		33CF64BF85613BD770CA9D32 /* [CP] Check Pods Manifest.lock */ = {
			isa = PBXShellScriptBuildPhase;
			buildActionMask = 2147483647;
			files = (
			);
			inputPaths = (
				"${PODS_PODFILE_DIR_PATH}/Podfile.lock",
				"${PODS_ROOT}/Manifest.lock",
			);
			name = "[CP] Check Pods Manifest.lock";
			outputPaths = (
				"$(DERIVED_FILE_DIR)/Pods-BitcointCourseTest-checkManifestLockResult.txt",
			);
			runOnlyForDeploymentPostprocessing = 0;
			shellPath = /bin/sh;
			shellScript = "diff \"${PODS_PODFILE_DIR_PATH}/Podfile.lock\" \"${PODS_ROOT}/Manifest.lock\" > /dev/null\nif [ $? != 0 ] ; then\n    # print error to STDERR\n    echo \"error: The sandbox is not in sync with the Podfile.lock. Run 'pod install' or update your CocoaPods installation.\" >&2\n    exit 1\nfi\n# This output is used by Xcode 'outputs' to avoid re-running this script phase.\necho \"SUCCESS\" > \"${SCRIPT_OUTPUT_FILE_0}\"\n";
			showEnvVarsInLog = 0;
		};
		AC76CAD6BCF5ACC388D9EDBB /* [CP] Copy Pods Resources */ = {
			isa = PBXShellScriptBuildPhase;
			buildActionMask = 2147483647;
			files = (
			);
			inputPaths = (
			);
			name = "[CP] Copy Pods Resources";
			outputPaths = (
			);
			runOnlyForDeploymentPostprocessing = 0;
			shellPath = /bin/sh;
			shellScript = "\"${SRCROOT}/Pods/Target Support Files/Pods-BitcointCourseTest/Pods-BitcointCourseTest-resources.sh\"\n";
			showEnvVarsInLog = 0;
		};
		E9C660EB895FC9AEE8FB6E80 /* [CP] Embed Pods Frameworks */ = {
			isa = PBXShellScriptBuildPhase;
			buildActionMask = 8;
			files = (
			);
			inputPaths = (
				"${SRCROOT}/Pods/Target Support Files/Pods-BitcointCourseTest/Pods-BitcointCourseTest-frameworks.sh",
				"${BUILT_PRODUCTS_DIR}/AFNetworking/AFNetworking.framework",
				"${BUILT_PRODUCTS_DIR}/MBProgressHUD/MBProgressHUD.framework",
				"${BUILT_PRODUCTS_DIR}/OCMapper/OCMapper.framework",
				"${BUILT_PRODUCTS_DIR}/ReactiveObjC/ReactiveObjC.framework",
			);
			name = "[CP] Embed Pods Frameworks";
			outputPaths = (
				"${TARGET_BUILD_DIR}/${FRAMEWORKS_FOLDER_PATH}/AFNetworking.framework",
				"${TARGET_BUILD_DIR}/${FRAMEWORKS_FOLDER_PATH}/MBProgressHUD.framework",
				"${TARGET_BUILD_DIR}/${FRAMEWORKS_FOLDER_PATH}/OCMapper.framework",
				"${TARGET_BUILD_DIR}/${FRAMEWORKS_FOLDER_PATH}/ReactiveObjC.framework",
			);
			runOnlyForDeploymentPostprocessing = 1;
			shellPath = /bin/sh;
			shellScript = "\"${SRCROOT}/Pods/Target Support Files/Pods-BitcointCourseTest/Pods-BitcointCourseTest-frameworks.sh\"\n";
			showEnvVarsInLog = 0;
		};
/* End PBXShellScriptBuildPhase section */

/* Begin PBXSourcesBuildPhase section */
		FA81098D2045D7B90013C290 /* Sources */ = {
			isa = PBXSourcesBuildPhase;
			buildActionMask = 2147483647;
			files = (
				E9682DAD20469C7200381F68 /* BaseViewController.m in Sources */,
				E9682DE12046D19E00381F68 /* ExchangeCalculatorViewModel.m in Sources */,
				FA8109BD2045E06B0013C290 /* Mapper.m in Sources */,
				FA8109B72045DDAB0013C290 /* Error.m in Sources */,
				FA8109D52045E96A0013C290 /* ExchangeRate.m in Sources */,
				E9682DDB2046CB4500381F68 /* UIView+LoadNib.m in Sources */,
				FA8109992045D7BA0013C290 /* ViewController.m in Sources */,
				E9682DA52046964200381F68 /* ExchangeListViewController.m in Sources */,
				FA8109B32045DC010013C290 /* Network.m in Sources */,
				FA8109A42045D7BA0013C290 /* main.m in Sources */,
				E9682DBA20469F9E00381F68 /* ExchangeRateCell.m in Sources */,
				E9682DA92046965D00381F68 /* ExchangeListViewModel.m in Sources */,
				FA8109962045D7BA0013C290 /* AppDelegate.m in Sources */,
				E9682DE52046D1C000381F68 /* ExchangeCalculatorViewController.m in Sources */,
				FA8109B02045DB780013C290 /* APIPath.m in Sources */,
				E9682DD32046C95600381F68 /* ErrorLoadView.m in Sources */,
			);
			runOnlyForDeploymentPostprocessing = 0;
		};
/* End PBXSourcesBuildPhase section */

/* Begin PBXVariantGroup section */
		FA81099A2045D7BA0013C290 /* Main.storyboard */ = {
			isa = PBXVariantGroup;
			children = (
				FA81099B2045D7BA0013C290 /* Base */,
			);
			name = Main.storyboard;
			sourceTree = "<group>";
		};
		FA81099F2045D7BA0013C290 /* LaunchScreen.storyboard */ = {
			isa = PBXVariantGroup;
			children = (
				FA8109A02045D7BA0013C290 /* Base */,
			);
			name = LaunchScreen.storyboard;
			sourceTree = "<group>";
		};
/* End PBXVariantGroup section */

/* Begin XCBuildConfiguration section */
		FA8109A52045D7BA0013C290 /* Debug */ = {
			isa = XCBuildConfiguration;
			buildSettings = {
				ALWAYS_SEARCH_USER_PATHS = NO;
				CLANG_ANALYZER_NONNULL = YES;
				CLANG_ANALYZER_NUMBER_OBJECT_CONVERSION = YES_AGGRESSIVE;
				CLANG_CXX_LANGUAGE_STANDARD = "gnu++14";
				CLANG_CXX_LIBRARY = "libc++";
				CLANG_ENABLE_MODULES = YES;
				CLANG_ENABLE_OBJC_ARC = YES;
				CLANG_WARN_BLOCK_CAPTURE_AUTORELEASING = YES;
				CLANG_WARN_BOOL_CONVERSION = YES;
				CLANG_WARN_COMMA = YES;
				CLANG_WARN_CONSTANT_CONVERSION = YES;
				CLANG_WARN_DIRECT_OBJC_ISA_USAGE = YES_ERROR;
				CLANG_WARN_DOCUMENTATION_COMMENTS = YES;
				CLANG_WARN_EMPTY_BODY = YES;
				CLANG_WARN_ENUM_CONVERSION = YES;
				CLANG_WARN_INFINITE_RECURSION = YES;
				CLANG_WARN_INT_CONVERSION = YES;
				CLANG_WARN_NON_LITERAL_NULL_CONVERSION = YES;
				CLANG_WARN_OBJC_LITERAL_CONVERSION = YES;
				CLANG_WARN_OBJC_ROOT_CLASS = YES_ERROR;
				CLANG_WARN_RANGE_LOOP_ANALYSIS = YES;
				CLANG_WARN_STRICT_PROTOTYPES = YES;
				CLANG_WARN_SUSPICIOUS_MOVE = YES;
				CLANG_WARN_UNGUARDED_AVAILABILITY = YES_AGGRESSIVE;
				CLANG_WARN_UNREACHABLE_CODE = YES;
				CLANG_WARN__DUPLICATE_METHOD_MATCH = YES;
				CODE_SIGN_IDENTITY = "iPhone Developer";
				COPY_PHASE_STRIP = NO;
				DEBUG_INFORMATION_FORMAT = dwarf;
				ENABLE_STRICT_OBJC_MSGSEND = YES;
				ENABLE_TESTABILITY = YES;
				GCC_C_LANGUAGE_STANDARD = gnu11;
				GCC_DYNAMIC_NO_PIC = NO;
				GCC_NO_COMMON_BLOCKS = YES;
				GCC_OPTIMIZATION_LEVEL = 0;
				GCC_PREPROCESSOR_DEFINITIONS = (
					"DEBUG=1",
					"$(inherited)",
				);
				GCC_WARN_64_TO_32_BIT_CONVERSION = YES;
				GCC_WARN_ABOUT_RETURN_TYPE = YES_ERROR;
				GCC_WARN_UNDECLARED_SELECTOR = YES;
				GCC_WARN_UNINITIALIZED_AUTOS = YES_AGGRESSIVE;
				GCC_WARN_UNUSED_FUNCTION = YES;
				GCC_WARN_UNUSED_VARIABLE = YES;
				IPHONEOS_DEPLOYMENT_TARGET = 9.3;
				MTL_ENABLE_DEBUG_INFO = YES;
				ONLY_ACTIVE_ARCH = YES;
				SDKROOT = iphoneos;
			};
			name = Debug;
		};
		FA8109A62045D7BA0013C290 /* Release */ = {
			isa = XCBuildConfiguration;
			buildSettings = {
				ALWAYS_SEARCH_USER_PATHS = NO;
				CLANG_ANALYZER_NONNULL = YES;
				CLANG_ANALYZER_NUMBER_OBJECT_CONVERSION = YES_AGGRESSIVE;
				CLANG_CXX_LANGUAGE_STANDARD = "gnu++14";
				CLANG_CXX_LIBRARY = "libc++";
				CLANG_ENABLE_MODULES = YES;
				CLANG_ENABLE_OBJC_ARC = YES;
				CLANG_WARN_BLOCK_CAPTURE_AUTORELEASING = YES;
				CLANG_WARN_BOOL_CONVERSION = YES;
				CLANG_WARN_COMMA = YES;
				CLANG_WARN_CONSTANT_CONVERSION = YES;
				CLANG_WARN_DIRECT_OBJC_ISA_USAGE = YES_ERROR;
				CLANG_WARN_DOCUMENTATION_COMMENTS = YES;
				CLANG_WARN_EMPTY_BODY = YES;
				CLANG_WARN_ENUM_CONVERSION = YES;
				CLANG_WARN_INFINITE_RECURSION = YES;
				CLANG_WARN_INT_CONVERSION = YES;
				CLANG_WARN_NON_LITERAL_NULL_CONVERSION = YES;
				CLANG_WARN_OBJC_LITERAL_CONVERSION = YES;
				CLANG_WARN_OBJC_ROOT_CLASS = YES_ERROR;
				CLANG_WARN_RANGE_LOOP_ANALYSIS = YES;
				CLANG_WARN_STRICT_PROTOTYPES = YES;
				CLANG_WARN_SUSPICIOUS_MOVE = YES;
				CLANG_WARN_UNGUARDED_AVAILABILITY = YES_AGGRESSIVE;
				CLANG_WARN_UNREACHABLE_CODE = YES;
				CLANG_WARN__DUPLICATE_METHOD_MATCH = YES;
				CODE_SIGN_IDENTITY = "iPhone Developer";
				COPY_PHASE_STRIP = NO;
				DEBUG_INFORMATION_FORMAT = "dwarf-with-dsym";
				ENABLE_NS_ASSERTIONS = NO;
				ENABLE_STRICT_OBJC_MSGSEND = YES;
				GCC_C_LANGUAGE_STANDARD = gnu11;
				GCC_NO_COMMON_BLOCKS = YES;
				GCC_WARN_64_TO_32_BIT_CONVERSION = YES;
				GCC_WARN_ABOUT_RETURN_TYPE = YES_ERROR;
				GCC_WARN_UNDECLARED_SELECTOR = YES;
				GCC_WARN_UNINITIALIZED_AUTOS = YES_AGGRESSIVE;
				GCC_WARN_UNUSED_FUNCTION = YES;
				GCC_WARN_UNUSED_VARIABLE = YES;
				IPHONEOS_DEPLOYMENT_TARGET = 9.3;
				MTL_ENABLE_DEBUG_INFO = NO;
				SDKROOT = iphoneos;
				VALIDATE_PRODUCT = YES;
			};
			name = Release;
		};
		FA8109A82045D7BA0013C290 /* Debug */ = {
			isa = XCBuildConfiguration;
			baseConfigurationReference = B1E13934B80C80FAD1E5927E /* Pods-BitcointCourseTest.debug.xcconfig */;
			buildSettings = {
				ALWAYS_EMBED_SWIFT_STANDARD_LIBRARIES = YES;
				ASSETCATALOG_COMPILER_APPICON_NAME = AppIcon;
				CLANG_ENABLE_MODULES = YES;
				CODE_SIGN_STYLE = Automatic;
				DEVELOPMENT_TEAM = 9UGRF3977X;
				GCC_PREFIX_HEADER = /Users/asanametov/Downloads/Bitcoint/BitcointCourse/BitcointCourseTest/SupportingFiles/PrefixHeader.h;
				INFOPLIST_FILE = BitcointCourseTest/Info.plist;
				IPHONEOS_DEPLOYMENT_TARGET = 9.3;
				LD_RUNPATH_SEARCH_PATHS = "$(inherited) @executable_path/Frameworks";
				PRODUCT_BUNDLE_IDENTIFIER = testapplication.BitcointCourseTest;
				PRODUCT_NAME = "$(TARGET_NAME)";
				SWIFT_OBJC_BRIDGING_HEADER = "BitcointCourseTest/BitcointCourseTest-Bridging-Header.h";
				SWIFT_OPTIMIZATION_LEVEL = "-Onone";
				SWIFT_VERSION = 2.2;
				TARGETED_DEVICE_FAMILY = "1,2";
			};
			name = Debug;
		};
		FA8109A92045D7BA0013C290 /* Release */ = {
			isa = XCBuildConfiguration;
			baseConfigurationReference = 502F477811171EE6DED870D0 /* Pods-BitcointCourseTest.release.xcconfig */;
			buildSettings = {
				ALWAYS_EMBED_SWIFT_STANDARD_LIBRARIES = YES;
				ASSETCATALOG_COMPILER_APPICON_NAME = AppIcon;
				CLANG_ENABLE_MODULES = YES;
				CODE_SIGN_STYLE = Automatic;
				DEVELOPMENT_TEAM = 9UGRF3977X;
				GCC_PREFIX_HEADER = /Users/asanametov/Downloads/Bitcoint/BitcointCourse/BitcointCourseTest/SupportingFiles/PrefixHeader.h;
				INFOPLIST_FILE = BitcointCourseTest/Info.plist;
				IPHONEOS_DEPLOYMENT_TARGET = 9.3;
				LD_RUNPATH_SEARCH_PATHS = "$(inherited) @executable_path/Frameworks";
				PRODUCT_BUNDLE_IDENTIFIER = testapplication.BitcointCourseTest;
				PRODUCT_NAME = "$(TARGET_NAME)";
				SWIFT_OBJC_BRIDGING_HEADER = "BitcointCourseTest/BitcointCourseTest-Bridging-Header.h";
				SWIFT_VERSION = 2.2;
				TARGETED_DEVICE_FAMILY = "1,2";
			};
			name = Release;
		};
/* End XCBuildConfiguration section */

/* Begin XCConfigurationList section */
		FA81098C2045D7B90013C290 /* Build configuration list for PBXProject "BitcointCourseTest" */ = {
			isa = XCConfigurationList;
			buildConfigurations = (
				FA8109A52045D7BA0013C290 /* Debug */,
				FA8109A62045D7BA0013C290 /* Release */,
			);
			defaultConfigurationIsVisible = 0;
			defaultConfigurationName = Release;
		};
		FA8109A72045D7BA0013C290 /* Build configuration list for PBXNativeTarget "BitcointCourseTest" */ = {
			isa = XCConfigurationList;
			buildConfigurations = (
				FA8109A82045D7BA0013C290 /* Debug */,
				FA8109A92045D7BA0013C290 /* Release */,
			);
			defaultConfigurationIsVisible = 0;
			defaultConfigurationName = Release;
		};
/* End XCConfigurationList section */
	};
	rootObject = FA8109892045D7B90013C290 /* Project object */;
}
